
Microsoft Visual Studio Solution File, Format Version 12.00
# Visual Studio 14
VisualStudioVersion = 14.0.25420.1
MinimumVisualStudioVersion = 10.0.40219.1
Project("{FAE04EC0-301F-11D3-BF4B-00C04F79EFBC}") = "netduino", "netduino\netduino.csproj", "{1188FBB4-C31C-4057-81AA-2A604963BBD3}"
EndProject
Project("{FAE04EC0-301F-11D3-BF4B-00C04F79EFBC}") = "SerialAbstraction", "SerialAbstraction\SerialAbstraction.csproj", "{64502F73-6012-4573-9009-E20CDF3BC81C}"
EndProject
Project("{FAE04EC0-301F-11D3-BF4B-00C04F79EFBC}") = "SerialAbstractionTests", "Test\SerialAbstractionTests.csproj", "{BE5376B3-6883-46BB-A64D-BB51D6272FC0}"
EndProject
Global
	GlobalSection(SolutionConfigurationPlatforms) = preSolution
		Debug|Any CPU = Debug|Any CPU
		Release|Any CPU = Release|Any CPU
	EndGlobalSection
	GlobalSection(ProjectConfigurationPlatforms) = postSolution
		{1188FBB4-C31C-4057-81AA-2A604963BBD3}.Debug|Any CPU.ActiveCfg = Debug|Any CPU
		{1188FBB4-C31C-4057-81AA-2A604963BBD3}.Debug|Any CPU.Build.0 = Debug|Any CPU
		{1188FBB4-C31C-4057-81AA-2A604963BBD3}.Debug|Any CPU.Deploy.0 = Debug|Any CPU
		{1188FBB4-C31C-4057-81AA-2A604963BBD3}.Release|Any CPU.ActiveCfg = Release|Any CPU
		{1188FBB4-C31C-4057-81AA-2A604963BBD3}.Release|Any CPU.Build.0 = Release|Any CPU
		{1188FBB4-C31C-4057-81AA-2A604963BBD3}.Release|Any CPU.Deploy.0 = Release|Any CPU
		{64502F73-6012-4573-9009-E20CDF3BC81C}.Debug|Any CPU.ActiveCfg = Debug|Any CPU
		{64502F73-6012-4573-9009-E20CDF3BC81C}.Debug|Any CPU.Build.0 = Debug|Any CPU
		{64502F73-6012-4573-9009-E20CDF3BC81C}.Release|Any CPU.ActiveCfg = Release|Any CPU
		{64502F73-6012-4573-9009-E20CDF3BC81C}.Release|Any CPU.Build.0 = Release|Any CPU
		{BE5376B3-6883-46BB-A64D-BB51D6272FC0}.Debug|Any CPU.ActiveCfg = Debug|Any CPU
		{BE5376B3-6883-46BB-A64D-BB51D6272FC0}.Debug|Any CPU.Build.0 = Debug|Any CPU
		{BE5376B3-6883-46BB-A64D-BB51D6272FC0}.Release|Any CPU.ActiveCfg = Release|Any CPU
		{BE5376B3-6883-46BB-A64D-BB51D6272FC0}.Release|Any CPU.Build.0 = Release|Any CPU
	EndGlobalSection
	GlobalSection(SolutionProperties) = preSolution
		HideSolutionNode = FALSE
	EndGlobalSection
EndGlobal
